{
  "name": "mbstack",
  "version": "1.0.1",
  "lockfileVersion": 1,
  "requires": true,
  "dependencies": {
    "xrtlibrary-async": {
      "version": "1.0.17",
      "resolved": "https://registry.npmjs.org/xrtlibrary-async/-/xrtlibrary-async-1.0.17.tgz",
      "integrity": "sha512-ihD49JVAUkRmNg4D6MF3/2vy/jipXLZIQKxuqZwIKSCFr48QZCWi5pwCq3wW1iziJDdaI+HTbNL0EkqyeQ21BA==",
      "requires": {
        "xrtlibrary-bughandler": "^1.0.3"
      }
    },
    "xrtlibrary-bufferutilities": {
      "version": "1.0.4",
      "resolved": "https://registry.npmjs.org/xrtlibrary-bufferutilities/-/xrtlibrary-bufferutilities-1.0.4.tgz",
      "integrity": "sha512-/ukCVdeBMeuFMc5wO9RRqLXmuOfGhzB5F2kxM+gy6D6iuKoZDEmbImGZKhs/EBe7M1gGlWYoHSZquMveGBYg/Q==",
      "requires": {
        "xrtlibrary-outputparameter": "^1.0.1"
      }
    },
    "xrtlibrary-bughandler": {
      "version": "1.0.3",
      "resolved": "https://registry.npmjs.org/xrtlibrary-bughandler/-/xrtlibrary-bughandler-1.0.3.tgz",
      "integrity": "sha512-iZaHo5y2IjopmKLeMvDmKGbG7qYv1eb/72eWayfLOTZt/lQXGZq/gzwYffaHpFcQeUCCuJcLxZxJJvovEBq9zQ=="
    },
    "xrtlibrary-outputparameter": {
      "version": "1.0.1",
      "resolved": "https://registry.npmjs.org/xrtlibrary-outputparameter/-/xrtlibrary-outputparameter-1.0.1.tgz",
      "integrity": "sha512-LqRwM2f05YUafIWY74DFB5OkYIf2ScIozql6fLYpSZPAO33pjG8nNy4RtovaZOOOaPCGNfnknaaNp8UNNZtCWg=="
    },
    "xrtlibrary-streamfetcher2": {
      "version": "2.1.389",
      "resolved": "https://registry.npmjs.org/xrtlibrary-streamfetcher2/-/xrtlibrary-streamfetcher2-2.1.389.tgz",
      "integrity": "sha512-wQibJL3nuGJKF/hyanqZAqfFUQtINjK1w8aqIhdBWsYW+rtdg6HnlXWRPyVFDtHRcVxu0GxTySOTQhHA5oiTXg==",
      "requires": {
        "xrtlibrary-async": "^1.0.15",
        "xrtlibrary-bughandler": "^1.0.3"
      }
    },
    "xrtlibrary-tcputilities": {
      "version": "1.0.12",
      "resolved": "https://registry.npmjs.org/xrtlibrary-tcputilities/-/xrtlibrary-tcputilities-1.0.12.tgz",
      "integrity": "sha512-0kzWRt/UmwT8XD1yqF0HB5YAc4ZF0C5S0ODyUsC+hmDMHi2sS4QR0lHQBGXL2dvPLpqh7LyChKCnsuMml64mGQ==",
      "requires": {
        "xrtlibrary-async": "^1.0.15",
        "xrtlibrary-bughandler": "^1.0.3",
        "xrtlibrary-streamfetcher2": "^2.1.389"
      }
    },
    "xrtlibrary-traverse": {
      "version": "1.0.11",
      "resolved": "https://registry.npmjs.org/xrtlibrary-traverse/-/xrtlibrary-traverse-1.0.11.tgz",
      "integrity": "sha512-Sf7G1U2yzNWoU5oPigKObYEZzDWVZgd5nMSp+Dg0QvZu/GQL2ig1YPA25bx0hObYG+qdMtFT84Dv5tIWFnG/Hw=="
    }
  }
}
